# This file was autogenerated by Stack.
# You should not edit this file by hand.
# For more information, please see the documentation at:
#   https://docs.haskellstack.org/en/stable/lock_files

packages:
- completed:
    hackage: GPipe-2.2.5@sha256:dbd0a8d17a846e8384cd88fdf940c35153a531c987ceb00835d0dca6a4788ac5,2796
    pantry-tree:
      size: 2308
      sha256: 6a8f17bc60a6c6635a1605de2b2915b192b92adf57f83d29aec2355771c4373c
  original:
    hackage: GPipe-2.2.5
- completed:
    hackage: GPipe-GLFW-1.4.1.4@sha256:66e56b598856a016129ed05dff056bdf589815eac27ff06355cf7a71e98c19de,1999
    pantry-tree:
      size: 1018
      sha256: c10567ca08c21780fcf009aac73318f8770f99790c502a9fe68a748b934c157f
  original:
    hackage: GPipe-GLFW-1.4.1.4
- completed:
    hackage: boundingboxes-0.2.3@sha256:4da3a9f7ac9760cfe97045e7dd458c2c7a92aed255a2014f43d64dc302ac7ebd,812
    pantry-tree:
      size: 216
      sha256: 513b08eb98b7b2e4154e35df439eb92840dc71a751e02069398357db764ad37f
  original:
    hackage: boundingboxes-0.2.3
snapshots:
- completed:
    size: 614845
    url: https://raw.githubusercontent.com/commercialhaskell/stackage-snapshots/master/nightly/2022/6/29.yaml
    sha256: 08c59f3c86a39310b84347dbec13b1cc7b867c080b47f36ae8ff10df8af0ddd1
  original: nightly-2022-06-29
